
Microsoft Visual Studio Solution File, Format Version 12.00
# Visual Studio Version 17
VisualStudioVersion = 17.7.34031.279
MinimumVisualStudioVersion = 10.0.40219.1
Project("{FAE04EC0-301F-11D3-BF4B-00C04F79EFBC}") = "Question6", "Question6\Question6.csproj", "{BDAA4255-21E5-45AD-9110-0BC74AB9E2E9}"
EndProject
Global
	GlobalSection(SolutionConfigurationPlatforms) = preSolution
		Debug|Any CPU = Debug|Any CPU
		Release|Any CPU = Release|Any CPU
	EndGlobalSection
	GlobalSection(ProjectConfigurationPlatforms) = postSolution
		{BDAA4255-21E5-45AD-9110-0BC74AB9E2E9}.Debug|Any CPU.ActiveCfg = Debug|Any CPU
		{BDAA4255-21E5-45AD-9110-0BC74AB9E2E9}.Debug|Any CPU.Build.0 = Debug|Any CPU
		{BDAA4255-21E5-45AD-9110-0BC74AB9E2E9}.Release|Any CPU.ActiveCfg = Release|Any CPU
		{BDAA4255-21E5-45AD-9110-0BC74AB9E2E9}.Release|Any CPU.Build.0 = Release|Any CPU
	EndGlobalSection
	GlobalSection(SolutionProperties) = preSolution
		HideSolutionNode = FALSE
	EndGlobalSection
	GlobalSection(ExtensibilityGlobals) = postSolution
		SolutionGuid = {E4E17724-C4CE-4484-8521-51A2A58315DF}
	EndGlobalSection
EndGlobal
