
Microsoft Visual Studio Solution File, Format Version 12.00
# Visual Studio Version 17
VisualStudioVersion = 17.7.34031.279
MinimumVisualStudioVersion = 10.0.40219.1
Project("{FAE04EC0-301F-11D3-BF4B-00C04F79EFBC}") = "Question3", "Question3\Question3.csproj", "{92CA320A-DE7A-4F2F-9C09-0A1D309FD436}"
EndProject
Global
	GlobalSection(SolutionConfigurationPlatforms) = preSolution
		Debug|Any CPU = Debug|Any CPU
		Release|Any CPU = Release|Any CPU
	EndGlobalSection
	GlobalSection(ProjectConfigurationPlatforms) = postSolution
		{92CA320A-DE7A-4F2F-9C09-0A1D309FD436}.Debug|Any CPU.ActiveCfg = Debug|Any CPU
		{92CA320A-DE7A-4F2F-9C09-0A1D309FD436}.Debug|Any CPU.Build.0 = Debug|Any CPU
		{92CA320A-DE7A-4F2F-9C09-0A1D309FD436}.Release|Any CPU.ActiveCfg = Release|Any CPU
		{92CA320A-DE7A-4F2F-9C09-0A1D309FD436}.Release|Any CPU.Build.0 = Release|Any CPU
	EndGlobalSection
	GlobalSection(SolutionProperties) = preSolution
		HideSolutionNode = FALSE
	EndGlobalSection
	GlobalSection(ExtensibilityGlobals) = postSolution
		SolutionGuid = {65598E37-CBA4-48A8-98DB-D554EC43FEEF}
	EndGlobalSection
EndGlobal
